<Solution>
  <Folder Name="/src/" />
  <Folder Name="/src/Perpetua/">
    <Project Path="src/Perpetua/Perpetua.csproj" />
  </Folder>
  <Folder Name="/src/Perpetua.Structurizr/">
    <Project Path="src/Perpetua.Structurizr/Perpetua.Structurizr.csproj" />
  </Folder>
  <Folder Name="/test/" />
  <Folder Name="/test/Perpetua.Structurizr.Tests/">
    <Project Path="test/Perpetua.Structurizr.Tests/Perpetua.Structurizr.Tests.csproj" />
  </Folder>
  <Folder Name="/test/Perpetua.Structurizr.Tests.Fixtures/">
    <Project Path="test/Perpetua.Structurizr.Tests.Fixtures/Perpetua.Structurizr.Tests.Fixtures.csproj" />
  </Folder>
</Solution>
